
Microsoft Visual Studio Solution File, Format Version 12.00
# Visual Studio Version 16
VisualStudioVersion = 16.0.30225.117
MinimumVisualStudioVersion = 10.0.40219.1
Project("{6EC3EE1D-3C4E-46DD-8F32-0CC8E7565705}") = "Rocksmith2014.SNG", "src\Rocksmith2014.SNG\Rocksmith2014.SNG.fsproj", "{A590BCFF-A350-42EE-96F2-E74F776DD318}"
EndProject
Project("{6EC3EE1D-3C4E-46DD-8F32-0CC8E7565705}") = "Rocksmith2014.SNG.Tests", "tests\Rocksmith2014.SNG.Tests\Rocksmith2014.SNG.Tests.fsproj", "{44EC4771-8F5A-47A3-A269-052EEFF6AF9F}"
EndProject
Project("{6EC3EE1D-3C4E-46DD-8F32-0CC8E7565705}") = "Rocksmith2014.Conversion", "src\Rocksmith2014.Conversion\Rocksmith2014.Conversion.fsproj", "{141D8EF1-ED67-4F24-84B0-4CE0E4FACA03}"
EndProject
Project("{6EC3EE1D-3C4E-46DD-8F32-0CC8E7565705}") = "Rocksmith2014.Conversion.Tests", "tests\Rocksmith2014.Conversion.Tests\Rocksmith2014.Conversion.Tests.fsproj", "{BD59B424-0E76-4810-B3CA-DB98078646F0}"
EndProject
Project("{9A19103F-16F7-4668-BE54-9A1E7A4F7556}") = "Rocksmith2014.XML", "src\Rocksmith2014.XML\Rocksmith2014.XML.csproj", "{081F09A5-3606-4701-BF08-9F6749D72144}"
EndProject
Project("{9A19103F-16F7-4668-BE54-9A1E7A4F7556}") = "Rocksmith2014.XML.Tests", "tests\Rocksmith2014.XML.Tests\Rocksmith2014.XML.Tests.csproj", "{DD7A884C-500A-484D-B8DB-53992AA20ACF}"
EndProject
Project("{6EC3EE1D-3C4E-46DD-8F32-0CC8E7565705}") = "ExampleApp", "samples\ExampleApp\ExampleApp.fsproj", "{84C4F666-8945-4CF3-A409-572767075925}"
EndProject
Project("{2150E333-8FDC-42A3-9474-1A3956D46DE8}") = "src", "src", "{D205B519-E450-49DC-AE3A-C73C88DD7FE3}"
EndProject
Project("{2150E333-8FDC-42A3-9474-1A3956D46DE8}") = "tests", "tests", "{0FF21B35-CA73-45A8-939A-F14614C11471}"
EndProject
Project("{2150E333-8FDC-42A3-9474-1A3956D46DE8}") = "samples", "samples", "{5372FA3F-22E5-4217-B4E1-D439C943AEA0}"
EndProject
Project("{6EC3EE1D-3C4E-46DD-8F32-0CC8E7565705}") = "Rocksmith2014.Common", "src\Rocksmith2014.Common\Rocksmith2014.Common.fsproj", "{4B417AD4-2F10-43C7-AD72-0DEE85F0319E}"
EndProject
Project("{6EC3EE1D-3C4E-46DD-8F32-0CC8E7565705}") = "Rocksmith2014.PSARC", "src\Rocksmith2014.PSARC\Rocksmith2014.PSARC.fsproj", "{3885CBE8-EDA4-463A-9CB4-0BD0123A0143}"
EndProject
Project("{6EC3EE1D-3C4E-46DD-8F32-0CC8E7565705}") = "Rocksmith2014.PSARC.Tests", "tests\Rocksmith2014.PSARC.Tests\Rocksmith2014.PSARC.Tests.fsproj", "{30FD24D0-BD9A-449C-A8A0-F08C39645AAA}"
EndProject
Project("{6EC3EE1D-3C4E-46DD-8F32-0CC8E7565705}") = "Rocksmith2014.Common.Tests", "tests\Rocksmith2014.Common.Tests\Rocksmith2014.Common.Tests.fsproj", "{67218DB9-3DD8-4127-8F0B-D869E7B5B295}"
EndProject
Project("{6EC3EE1D-3C4E-46DD-8F32-0CC8E7565705}") = "Rocksmith2014.DLCProject", "src\Rocksmith2014.DLCProject\Rocksmith2014.DLCProject.fsproj", "{D62B658B-1850-44FF-B181-235164280F0D}"
EndProject
Project("{F2A71F9B-5D33-465A-A702-920D77279786}") = "Rocksmith2014.DLCProject.Tests", "tests\Rocksmith2014.DLCProject.Tests\Rocksmith2014.DLCProject.Tests.fsproj", "{1FF97A3D-347C-4B81-8064-0DF60DA43544}"
EndProject
Global
	GlobalSection(SolutionConfigurationPlatforms) = preSolution
		Debug|Any CPU = Debug|Any CPU
		Release|Any CPU = Release|Any CPU
	EndGlobalSection
	GlobalSection(ProjectConfigurationPlatforms) = postSolution
		{A590BCFF-A350-42EE-96F2-E74F776DD318}.Debug|Any CPU.ActiveCfg = Debug|Any CPU
		{A590BCFF-A350-42EE-96F2-E74F776DD318}.Debug|Any CPU.Build.0 = Debug|Any CPU
		{A590BCFF-A350-42EE-96F2-E74F776DD318}.Release|Any CPU.ActiveCfg = Release|Any CPU
		{A590BCFF-A350-42EE-96F2-E74F776DD318}.Release|Any CPU.Build.0 = Release|Any CPU
		{44EC4771-8F5A-47A3-A269-052EEFF6AF9F}.Debug|Any CPU.ActiveCfg = Debug|Any CPU
		{44EC4771-8F5A-47A3-A269-052EEFF6AF9F}.Debug|Any CPU.Build.0 = Debug|Any CPU
		{44EC4771-8F5A-47A3-A269-052EEFF6AF9F}.Release|Any CPU.ActiveCfg = Release|Any CPU
		{44EC4771-8F5A-47A3-A269-052EEFF6AF9F}.Release|Any CPU.Build.0 = Release|Any CPU
		{141D8EF1-ED67-4F24-84B0-4CE0E4FACA03}.Debug|Any CPU.ActiveCfg = Debug|Any CPU
		{141D8EF1-ED67-4F24-84B0-4CE0E4FACA03}.Debug|Any CPU.Build.0 = Debug|Any CPU
		{141D8EF1-ED67-4F24-84B0-4CE0E4FACA03}.Release|Any CPU.ActiveCfg = Release|Any CPU
		{141D8EF1-ED67-4F24-84B0-4CE0E4FACA03}.Release|Any CPU.Build.0 = Release|Any CPU
		{BD59B424-0E76-4810-B3CA-DB98078646F0}.Debug|Any CPU.ActiveCfg = Debug|Any CPU
		{BD59B424-0E76-4810-B3CA-DB98078646F0}.Debug|Any CPU.Build.0 = Debug|Any CPU
		{BD59B424-0E76-4810-B3CA-DB98078646F0}.Release|Any CPU.ActiveCfg = Release|Any CPU
		{BD59B424-0E76-4810-B3CA-DB98078646F0}.Release|Any CPU.Build.0 = Release|Any CPU
		{081F09A5-3606-4701-BF08-9F6749D72144}.Debug|Any CPU.ActiveCfg = Debug|Any CPU
		{081F09A5-3606-4701-BF08-9F6749D72144}.Debug|Any CPU.Build.0 = Debug|Any CPU
		{081F09A5-3606-4701-BF08-9F6749D72144}.Release|Any CPU.ActiveCfg = Release|Any CPU
		{081F09A5-3606-4701-BF08-9F6749D72144}.Release|Any CPU.Build.0 = Release|Any CPU
		{DD7A884C-500A-484D-B8DB-53992AA20ACF}.Debug|Any CPU.ActiveCfg = Debug|Any CPU
		{DD7A884C-500A-484D-B8DB-53992AA20ACF}.Debug|Any CPU.Build.0 = Debug|Any CPU
		{DD7A884C-500A-484D-B8DB-53992AA20ACF}.Release|Any CPU.ActiveCfg = Release|Any CPU
		{DD7A884C-500A-484D-B8DB-53992AA20ACF}.Release|Any CPU.Build.0 = Release|Any CPU
		{84C4F666-8945-4CF3-A409-572767075925}.Debug|Any CPU.ActiveCfg = Debug|Any CPU
		{84C4F666-8945-4CF3-A409-572767075925}.Debug|Any CPU.Build.0 = Debug|Any CPU
		{84C4F666-8945-4CF3-A409-572767075925}.Release|Any CPU.ActiveCfg = Release|Any CPU
		{84C4F666-8945-4CF3-A409-572767075925}.Release|Any CPU.Build.0 = Release|Any CPU
		{4B417AD4-2F10-43C7-AD72-0DEE85F0319E}.Debug|Any CPU.ActiveCfg = Debug|Any CPU
		{4B417AD4-2F10-43C7-AD72-0DEE85F0319E}.Debug|Any CPU.Build.0 = Debug|Any CPU
		{4B417AD4-2F10-43C7-AD72-0DEE85F0319E}.Release|Any CPU.ActiveCfg = Release|Any CPU
		{4B417AD4-2F10-43C7-AD72-0DEE85F0319E}.Release|Any CPU.Build.0 = Release|Any CPU
		{3885CBE8-EDA4-463A-9CB4-0BD0123A0143}.Debug|Any CPU.ActiveCfg = Debug|Any CPU
		{3885CBE8-EDA4-463A-9CB4-0BD0123A0143}.Debug|Any CPU.Build.0 = Debug|Any CPU
		{3885CBE8-EDA4-463A-9CB4-0BD0123A0143}.Release|Any CPU.ActiveCfg = Release|Any CPU
		{3885CBE8-EDA4-463A-9CB4-0BD0123A0143}.Release|Any CPU.Build.0 = Release|Any CPU
		{30FD24D0-BD9A-449C-A8A0-F08C39645AAA}.Debug|Any CPU.ActiveCfg = Debug|Any CPU
		{30FD24D0-BD9A-449C-A8A0-F08C39645AAA}.Debug|Any CPU.Build.0 = Debug|Any CPU
		{30FD24D0-BD9A-449C-A8A0-F08C39645AAA}.Release|Any CPU.ActiveCfg = Release|Any CPU
		{30FD24D0-BD9A-449C-A8A0-F08C39645AAA}.Release|Any CPU.Build.0 = Release|Any CPU
		{67218DB9-3DD8-4127-8F0B-D869E7B5B295}.Debug|Any CPU.ActiveCfg = Debug|Any CPU
		{67218DB9-3DD8-4127-8F0B-D869E7B5B295}.Debug|Any CPU.Build.0 = Debug|Any CPU
		{67218DB9-3DD8-4127-8F0B-D869E7B5B295}.Release|Any CPU.ActiveCfg = Release|Any CPU
		{67218DB9-3DD8-4127-8F0B-D869E7B5B295}.Release|Any CPU.Build.0 = Release|Any CPU
		{D62B658B-1850-44FF-B181-235164280F0D}.Debug|Any CPU.ActiveCfg = Debug|Any CPU
		{D62B658B-1850-44FF-B181-235164280F0D}.Debug|Any CPU.Build.0 = Debug|Any CPU
		{D62B658B-1850-44FF-B181-235164280F0D}.Release|Any CPU.ActiveCfg = Release|Any CPU
		{D62B658B-1850-44FF-B181-235164280F0D}.Release|Any CPU.Build.0 = Release|Any CPU
		{1FF97A3D-347C-4B81-8064-0DF60DA43544}.Debug|Any CPU.ActiveCfg = Debug|Any CPU
		{1FF97A3D-347C-4B81-8064-0DF60DA43544}.Debug|Any CPU.Build.0 = Debug|Any CPU
		{1FF97A3D-347C-4B81-8064-0DF60DA43544}.Release|Any CPU.ActiveCfg = Release|Any CPU
		{1FF97A3D-347C-4B81-8064-0DF60DA43544}.Release|Any CPU.Build.0 = Release|Any CPU
	EndGlobalSection
	GlobalSection(SolutionProperties) = preSolution
		HideSolutionNode = FALSE
	EndGlobalSection
	GlobalSection(NestedProjects) = preSolution
		{A590BCFF-A350-42EE-96F2-E74F776DD318} = {D205B519-E450-49DC-AE3A-C73C88DD7FE3}
		{44EC4771-8F5A-47A3-A269-052EEFF6AF9F} = {0FF21B35-CA73-45A8-939A-F14614C11471}
		{141D8EF1-ED67-4F24-84B0-4CE0E4FACA03} = {D205B519-E450-49DC-AE3A-C73C88DD7FE3}
		{BD59B424-0E76-4810-B3CA-DB98078646F0} = {0FF21B35-CA73-45A8-939A-F14614C11471}
		{081F09A5-3606-4701-BF08-9F6749D72144} = {D205B519-E450-49DC-AE3A-C73C88DD7FE3}
		{DD7A884C-500A-484D-B8DB-53992AA20ACF} = {0FF21B35-CA73-45A8-939A-F14614C11471}
		{84C4F666-8945-4CF3-A409-572767075925} = {5372FA3F-22E5-4217-B4E1-D439C943AEA0}
		{4B417AD4-2F10-43C7-AD72-0DEE85F0319E} = {D205B519-E450-49DC-AE3A-C73C88DD7FE3}
		{3885CBE8-EDA4-463A-9CB4-0BD0123A0143} = {D205B519-E450-49DC-AE3A-C73C88DD7FE3}
		{30FD24D0-BD9A-449C-A8A0-F08C39645AAA} = {0FF21B35-CA73-45A8-939A-F14614C11471}
		{67218DB9-3DD8-4127-8F0B-D869E7B5B295} = {0FF21B35-CA73-45A8-939A-F14614C11471}
		{D62B658B-1850-44FF-B181-235164280F0D} = {D205B519-E450-49DC-AE3A-C73C88DD7FE3}
		{1FF97A3D-347C-4B81-8064-0DF60DA43544} = {0FF21B35-CA73-45A8-939A-F14614C11471}
	EndGlobalSection
	GlobalSection(ExtensibilityGlobals) = postSolution
		SolutionGuid = {0B1D2436-1840-458A-B570-F533FC009333}
	EndGlobalSection
EndGlobal
